
Microsoft Visual Studio Solution File, Format Version 12.00
# Visual Studio Version 17
VisualStudioVersion = 17.4.33213.308
MinimumVisualStudioVersion = 10.0.40219.1
Project("{FAE04EC0-301F-11D3-BF4B-00C04F79EFBC}") = "MyFirstApp", "MyFirstApp\MyFirstApp.csproj", "{55ED9210-A878-497A-9E35-39EEA7135BBC}"
EndProject
Global
	GlobalSection(SolutionConfigurationPlatforms) = preSolution
		Debug|Any CPU = Debug|Any CPU
		Release|Any CPU = Release|Any CPU
	EndGlobalSection
	GlobalSection(ProjectConfigurationPlatforms) = postSolution
		{55ED9210-A878-497A-9E35-39EEA7135BBC}.Debug|Any CPU.ActiveCfg = Debug|Any CPU
		{55ED9210-A878-497A-9E35-39EEA7135BBC}.Debug|Any CPU.Build.0 = Debug|Any CPU
		{55ED9210-A878-497A-9E35-39EEA7135BBC}.Release|Any CPU.ActiveCfg = Release|Any CPU
		{55ED9210-A878-497A-9E35-39EEA7135BBC}.Release|Any CPU.Build.0 = Release|Any CPU
	EndGlobalSection
	GlobalSection(SolutionProperties) = preSolution
		HideSolutionNode = FALSE
	EndGlobalSection
	GlobalSection(ExtensibilityGlobals) = postSolution
		SolutionGuid = {FF33CF0E-D0B3-450E-A509-CE25A1EF6A36}
	EndGlobalSection
EndGlobal
